// !$*UTF8*$!
{
	archiveVersion = 1;
	classes = {
	};
	objectVersion = 48;
	objects = {

/* Begin PBXBuildFile section */
		0D3C83C920B4CA7E0015785F /* AppDelegate.swift in Sources */ = {isa = PBXBuildFile; fileRef = 0D3C83C820B4CA7E0015785F /* AppDelegate.swift */; };
		0D3C83CB20B4CA7E0015785F /* GameScene.sks in Resources */ = {isa = PBXBuildFile; fileRef = 0D3C83CA20B4CA7E0015785F /* GameScene.sks */; };
		0D3C83CD20B4CA7E0015785F /* Actions.sks in Resources */ = {isa = PBXBuildFile; fileRef = 0D3C83CC20B4CA7E0015785F /* Actions.sks */; };
		0D3C83CF20B4CA7E0015785F /* GameScene.swift in Sources */ = {isa = PBXBuildFile; fileRef = 0D3C83CE20B4CA7E0015785F /* GameScene.swift */; };
		0D3C83D120B4CA7E0015785F /* GameViewController.swift in Sources */ = {isa = PBXBuildFile; fileRef = 0D3C83D020B4CA7E0015785F /* GameViewController.swift */; };
		0D3C83D420B4CA7E0015785F /* Main.storyboard in Resources */ = {isa = PBXBuildFile; fileRef = 0D3C83D220B4CA7E0015785F /* Main.storyboard */; };
		0D3C83D620B4CA7E0015785F /* Assets.xcassets in Resources */ = {isa = PBXBuildFile; fileRef = 0D3C83D520B4CA7E0015785F /* Assets.xcassets */; };
		0D3C83D920B4CA7E0015785F /* LaunchScreen.storyboard in Resources */ = {isa = PBXBuildFile; fileRef = 0D3C83D720B4CA7E0015785F /* LaunchScreen.storyboard */; };
		0D3C83E420B4CA7E0015785F /* Jack_The_GiantTests.swift in Sources */ = {isa = PBXBuildFile; fileRef = 0D3C83E320B4CA7E0015785F /* Jack_The_GiantTests.swift */; };
		0D3C83EF20B4CA7E0015785F /* Jack_The_GiantUITests.swift in Sources */ = {isa = PBXBuildFile; fileRef = 0D3C83EE20B4CA7E0015785F /* Jack_The_GiantUITests.swift */; };
		0D3C842820B5D5060015785F /* Coin Sound.wav in Resources */ = {isa = PBXBuildFile; fileRef = 0D3C83FE20B5D5050015785F /* Coin Sound.wav */; };
		0D3C842920B5D5060015785F /* Background music.mp3 in Resources */ = {isa = PBXBuildFile; fileRef = 0D3C83FF20B5D5050015785F /* Background music.mp3 */; };
		0D3C842A20B5D5060015785F /* Life Sound.wav in Resources */ = {isa = PBXBuildFile; fileRef = 0D3C840020B5D5050015785F /* Life Sound.wav */; };
		0D3C842B20B5D5060015785F /* Click Sound.wav in Resources */ = {isa = PBXBuildFile; fileRef = 0D3C840120B5D5050015785F /* Click Sound.wav */; };
		0D3C842C20B5D5060015785F /* Highscore BG.png in Resources */ = {isa = PBXBuildFile; fileRef = 0D3C840320B5D5050015785F /* Highscore BG.png */; };
		0D3C842D20B5D5060015785F /* Menu BG.png in Resources */ = {isa = PBXBuildFile; fileRef = 0D3C840420B5D5050015785F /* Menu BG.png */; };
		0D3C842E20B5D5060015785F /* Game BG.png in Resources */ = {isa = PBXBuildFile; fileRef = 0D3C840520B5D5050015785F /* Game BG.png */; };
		0D3C842F20B5D5060015785F /* Options BG.png in Resources */ = {isa = PBXBuildFile; fileRef = 0D3C840620B5D5050015785F /* Options BG.png */; };
		0D3C843020B5D5060015785F /* Quit Button 2.png in Resources */ = {isa = PBXBuildFile; fileRef = 0D3C840820B5D5060015785F /* Quit Button 2.png */; };
		0D3C843120B5D5060015785F /* Show Score.png in Resources */ = {isa = PBXBuildFile; fileRef = 0D3C840920B5D5060015785F /* Show Score.png */; };
		0D3C843220B5D5060015785F /* Pause Menu.png in Resources */ = {isa = PBXBuildFile; fileRef = 0D3C840A20B5D5060015785F /* Pause Menu.png */; };
		0D3C843320B5D5060015785F /* Resume Button.png in Resources */ = {isa = PBXBuildFile; fileRef = 0D3C840B20B5D5060015785F /* Resume Button.png */; };
		0D3C843420B5D5060015785F /* Life.png in Resources */ = {isa = PBXBuildFile; fileRef = 0D3C840D20B5D5060015785F /* Life.png */; };
		0D3C843520B5D5060015785F /* Coin.png in Resources */ = {isa = PBXBuildFile; fileRef = 0D3C840E20B5D5060015785F /* Coin.png */; };
		0D3C843620B5D5060015785F /* blow.ttf in Resources */ = {isa = PBXBuildFile; fileRef = 0D3C841020B5D5060015785F /* blow.ttf */; };
		0D3C843720B5D5060015785F /* Cloud 2.png in Resources */ = {isa = PBXBuildFile; fileRef = 0D3C841220B5D5060015785F /* Cloud 2.png */; };
		0D3C843820B5D5060015785F /* Cloud 3.png in Resources */ = {isa = PBXBuildFile; fileRef = 0D3C841320B5D5060015785F /* Cloud 3.png */; };
		0D3C843920B5D5060015785F /* Cloud 1.png in Resources */ = {isa = PBXBuildFile; fileRef = 0D3C841420B5D5060015785F /* Cloud 1.png */; };
		0D3C843A20B5D5060015785F /* Dark Cloud.png in Resources */ = {isa = PBXBuildFile; fileRef = 0D3C841520B5D5060015785F /* Dark Cloud.png */; };
		0D3C843B20B5D5060015785F /* Ready.png in Resources */ = {isa = PBXBuildFile; fileRef = 0D3C841820B5D5060015785F /* Ready.png */; };
		0D3C843C20B5D5060015785F /* Score.png in Resources */ = {isa = PBXBuildFile; fileRef = 0D3C841920B5D5060015785F /* Score.png */; };
		0D3C843D20B5D5060015785F /* Pause Button.png in Resources */ = {isa = PBXBuildFile; fileRef = 0D3C841A20B5D5060015785F /* Pause Button.png */; };
		0D3C843E20B5D5060015785F /* Music On Button.png in Resources */ = {isa = PBXBuildFile; fileRef = 0D3C841C20B5D5060015785F /* Music On Button.png */; };
		0D3C843F20B5D5060015785F /* Music Off Button.png in Resources */ = {isa = PBXBuildFile; fileRef = 0D3C841D20B5D5060015785F /* Music Off Button.png */; };
		0D3C844020B5D5060015785F /* Options Button.png in Resources */ = {isa = PBXBuildFile; fileRef = 0D3C841E20B5D5060015785F /* Options Button.png */; };
		0D3C844120B5D5060015785F /* Start Game Button.png in Resources */ = {isa = PBXBuildFile; fileRef = 0D3C841F20B5D5060015785F /* Start Game Button.png */; };
		0D3C844220B5D5060015785F /* Quit Button.png in Resources */ = {isa = PBXBuildFile; fileRef = 0D3C842020B5D5060015785F /* Quit Button.png */; };
		0D3C844320B5D5060015785F /* Highscore Button.png in Resources */ = {isa = PBXBuildFile; fileRef = 0D3C842120B5D5060015785F /* Highscore Button.png */; };
		0D3C844420B5D5060015785F /* Check Sign.png in Resources */ = {isa = PBXBuildFile; fileRef = 0D3C842320B5D5060015785F /* Check Sign.png */; };
		0D3C844520B5D5060015785F /* Easy Button.png in Resources */ = {isa = PBXBuildFile; fileRef = 0D3C842420B5D5060015785F /* Easy Button.png */; };
		0D3C844620B5D5060015785F /* Hard Button.png in Resources */ = {isa = PBXBuildFile; fileRef = 0D3C842520B5D5060015785F /* Hard Button.png */; };
		0D3C844720B5D5060015785F /* Medium Button.png in Resources */ = {isa = PBXBuildFile; fileRef = 0D3C842620B5D5060015785F /* Medium Button.png */; };
		0D3C844820B5D5060015785F /* Back Button.png in Resources */ = {isa = PBXBuildFile; fileRef = 0D3C842720B5D5060015785F /* Back Button.png */; };
		0D3C844D20B5D6720015785F /* GameplayScene.sks in Resources */ = {isa = PBXBuildFile; fileRef = 0D3C844C20B5D6720015785F /* GameplayScene.sks */; };
		0D3C845120B5DA4A0015785F /* GameplayScene.swift in Sources */ = {isa = PBXBuildFile; fileRef = 0D3C845020B5DA4A0015785F /* GameplayScene.swift */; };
		0D3C845320B5DD440015785F /* Player.swift in Sources */ = {isa = PBXBuildFile; fileRef = 0D3C845220B5DD440015785F /* Player.swift */; };
		0D3C845520B5DDF80015785F /* Player.atlas in Resources */ = {isa = PBXBuildFile; fileRef = 0D3C845420B5DDF80015785F /* Player.atlas */; };
/* End PBXBuildFile section */

/* Begin PBXContainerItemProxy section */
		0D3C83E020B4CA7E0015785F /* PBXContainerItemProxy */ = {
			isa = PBXContainerItemProxy;
			containerPortal = 0D3C83BD20B4CA7D0015785F /* Project object */;
			proxyType = 1;
			remoteGlobalIDString = 0D3C83C420B4CA7D0015785F;
			remoteInfo = "Jack The Giant";
		};
		0D3C83EB20B4CA7E0015785F /* PBXContainerItemProxy */ = {
			isa = PBXContainerItemProxy;
			containerPortal = 0D3C83BD20B4CA7D0015785F /* Project object */;
			proxyType = 1;
			remoteGlobalIDString = 0D3C83C420B4CA7D0015785F;
			remoteInfo = "Jack The Giant";
		};
/* End PBXContainerItemProxy section */

/* Begin PBXFileReference section */
		0D3C83C520B4CA7E0015785F /* Jack The Giant.app */ = {isa = PBXFileReference; explicitFileType = wrapper.application; includeInIndex = 0; path = "Jack The Giant.app"; sourceTree = BUILT_PRODUCTS_DIR; };
		0D3C83C820B4CA7E0015785F /* AppDelegate.swift */ = {isa = PBXFileReference; lastKnownFileType = sourcecode.swift; path = AppDelegate.swift; sourceTree = "<group>"; };
		0D3C83CA20B4CA7E0015785F /* GameScene.sks */ = {isa = PBXFileReference; lastKnownFileType = file.sks; path = GameScene.sks; sourceTree = "<group>"; };
		0D3C83CC20B4CA7E0015785F /* Actions.sks */ = {isa = PBXFileReference; lastKnownFileType = file.sks; path = Actions.sks; sourceTree = "<group>"; };
		0D3C83CE20B4CA7E0015785F /* GameScene.swift */ = {isa = PBXFileReference; lastKnownFileType = sourcecode.swift; path = GameScene.swift; sourceTree = "<group>"; };
		0D3C83D020B4CA7E0015785F /* GameViewController.swift */ = {isa = PBXFileReference; lastKnownFileType = sourcecode.swift; path = GameViewController.swift; sourceTree = "<group>"; };
		0D3C83D320B4CA7E0015785F /* Base */ = {isa = PBXFileReference; lastKnownFileType = file.storyboard; name = Base; path = Base.lproj/Main.storyboard; sourceTree = "<group>"; };
		0D3C83D520B4CA7E0015785F /* Assets.xcassets */ = {isa = PBXFileReference; lastKnownFileType = folder.assetcatalog; path = Assets.xcassets; sourceTree = "<group>"; };
		0D3C83D820B4CA7E0015785F /* Base */ = {isa = PBXFileReference; lastKnownFileType = file.storyboard; name = Base; path = Base.lproj/LaunchScreen.storyboard; sourceTree = "<group>"; };
		0D3C83DA20B4CA7E0015785F /* Info.plist */ = {isa = PBXFileReference; lastKnownFileType = text.plist.xml; path = Info.plist; sourceTree = "<group>"; };
		0D3C83DF20B4CA7E0015785F /* Jack The GiantTests.xctest */ = {isa = PBXFileReference; explicitFileType = wrapper.cfbundle; includeInIndex = 0; path = "Jack The GiantTests.xctest"; sourceTree = BUILT_PRODUCTS_DIR; };
		0D3C83E320B4CA7E0015785F /* Jack_The_GiantTests.swift */ = {isa = PBXFileReference; lastKnownFileType = sourcecode.swift; path = Jack_The_GiantTests.swift; sourceTree = "<group>"; };
		0D3C83E520B4CA7E0015785F /* Info.plist */ = {isa = PBXFileReference; lastKnownFileType = text.plist.xml; path = Info.plist; sourceTree = "<group>"; };
		0D3C83EA20B4CA7E0015785F /* Jack The GiantUITests.xctest */ = {isa = PBXFileReference; explicitFileType = wrapper.cfbundle; includeInIndex = 0; path = "Jack The GiantUITests.xctest"; sourceTree = BUILT_PRODUCTS_DIR; };
		0D3C83EE20B4CA7E0015785F /* Jack_The_GiantUITests.swift */ = {isa = PBXFileReference; lastKnownFileType = sourcecode.swift; path = Jack_The_GiantUITests.swift; sourceTree = "<group>"; };
		0D3C83F020B4CA7E0015785F /* Info.plist */ = {isa = PBXFileReference; lastKnownFileType = text.plist.xml; path = Info.plist; sourceTree = "<group>"; };
		0D3C83FE20B5D5050015785F /* Coin Sound.wav */ = {isa = PBXFileReference; lastKnownFileType = audio.wav; path = "Coin Sound.wav"; sourceTree = "<group>"; };
		0D3C83FF20B5D5050015785F /* Background music.mp3 */ = {isa = PBXFileReference; lastKnownFileType = audio.mp3; path = "Background music.mp3"; sourceTree = "<group>"; };
		0D3C840020B5D5050015785F /* Life Sound.wav */ = {isa = PBXFileReference; lastKnownFileType = audio.wav; path = "Life Sound.wav"; sourceTree = "<group>"; };
		0D3C840120B5D5050015785F /* Click Sound.wav */ = {isa = PBXFileReference; lastKnownFileType = audio.wav; path = "Click Sound.wav"; sourceTree = "<group>"; };
		0D3C840320B5D5050015785F /* Highscore BG.png */ = {isa = PBXFileReference; lastKnownFileType = image.png; path = "Highscore BG.png"; sourceTree = "<group>"; };
		0D3C840420B5D5050015785F /* Menu BG.png */ = {isa = PBXFileReference; lastKnownFileType = image.png; path = "Menu BG.png"; sourceTree = "<group>"; };
		0D3C840520B5D5050015785F /* Game BG.png */ = {isa = PBXFileReference; lastKnownFileType = image.png; path = "Game BG.png"; sourceTree = "<group>"; };
		0D3C840620B5D5050015785F /* Options BG.png */ = {isa = PBXFileReference; lastKnownFileType = image.png; path = "Options BG.png"; sourceTree = "<group>"; };
		0D3C840820B5D5060015785F /* Quit Button 2.png */ = {isa = PBXFileReference; lastKnownFileType = image.png; path = "Quit Button 2.png"; sourceTree = "<group>"; };
		0D3C840920B5D5060015785F /* Show Score.png */ = {isa = PBXFileReference; lastKnownFileType = image.png; path = "Show Score.png"; sourceTree = "<group>"; };
		0D3C840A20B5D5060015785F /* Pause Menu.png */ = {isa = PBXFileReference; lastKnownFileType = image.png; path = "Pause Menu.png"; sourceTree = "<group>"; };
		0D3C840B20B5D5060015785F /* Resume Button.png */ = {isa = PBXFileReference; lastKnownFileType = image.png; path = "Resume Button.png"; sourceTree = "<group>"; };
		0D3C840D20B5D5060015785F /* Life.png */ = {isa = PBXFileReference; lastKnownFileType = image.png; path = Life.png; sourceTree = "<group>"; };
		0D3C840E20B5D5060015785F /* Coin.png */ = {isa = PBXFileReference; lastKnownFileType = image.png; path = Coin.png; sourceTree = "<group>"; };
		0D3C841020B5D5060015785F /* blow.ttf */ = {isa = PBXFileReference; lastKnownFileType = file; path = blow.ttf; sourceTree = "<group>"; };
		0D3C841220B5D5060015785F /* Cloud 2.png */ = {isa = PBXFileReference; lastKnownFileType = image.png; path = "Cloud 2.png"; sourceTree = "<group>"; };
		0D3C841320B5D5060015785F /* Cloud 3.png */ = {isa = PBXFileReference; lastKnownFileType = image.png; path = "Cloud 3.png"; sourceTree = "<group>"; };
		0D3C841420B5D5060015785F /* Cloud 1.png */ = {isa = PBXFileReference; lastKnownFileType = image.png; path = "Cloud 1.png"; sourceTree = "<group>"; };
		0D3C841520B5D5060015785F /* Dark Cloud.png */ = {isa = PBXFileReference; lastKnownFileType = image.png; path = "Dark Cloud.png"; sourceTree = "<group>"; };
		0D3C841820B5D5060015785F /* Ready.png */ = {isa = PBXFileReference; lastKnownFileType = image.png; path = Ready.png; sourceTree = "<group>"; };
		0D3C841920B5D5060015785F /* Score.png */ = {isa = PBXFileReference; lastKnownFileType = image.png; path = Score.png; sourceTree = "<group>"; };
		0D3C841A20B5D5060015785F /* Pause Button.png */ = {isa = PBXFileReference; lastKnownFileType = image.png; path = "Pause Button.png"; sourceTree = "<group>"; };
		0D3C841C20B5D5060015785F /* Music On Button.png */ = {isa = PBXFileReference; lastKnownFileType = image.png; path = "Music On Button.png"; sourceTree = "<group>"; };
		0D3C841D20B5D5060015785F /* Music Off Button.png */ = {isa = PBXFileReference; lastKnownFileType = image.png; path = "Music Off Button.png"; sourceTree = "<group>"; };
		0D3C841E20B5D5060015785F /* Options Button.png */ = {isa = PBXFileReference; lastKnownFileType = image.png; path = "Options Button.png"; sourceTree = "<group>"; };
		0D3C841F20B5D5060015785F /* Start Game Button.png */ = {isa = PBXFileReference; lastKnownFileType = image.png; path = "Start Game Button.png"; sourceTree = "<group>"; };
		0D3C842020B5D5060015785F /* Quit Button.png */ = {isa = PBXFileReference; lastKnownFileType = image.png; path = "Quit Button.png"; sourceTree = "<group>"; };
		0D3C842120B5D5060015785F /* Highscore Button.png */ = {isa = PBXFileReference; lastKnownFileType = image.png; path = "Highscore Button.png"; sourceTree = "<group>"; };
		0D3C842320B5D5060015785F /* Check Sign.png */ = {isa = PBXFileReference; lastKnownFileType = image.png; path = "Check Sign.png"; sourceTree = "<group>"; };
		0D3C842420B5D5060015785F /* Easy Button.png */ = {isa = PBXFileReference; lastKnownFileType = image.png; path = "Easy Button.png"; sourceTree = "<group>"; };
		0D3C842520B5D5060015785F /* Hard Button.png */ = {isa = PBXFileReference; lastKnownFileType = image.png; path = "Hard Button.png"; sourceTree = "<group>"; };
		0D3C842620B5D5060015785F /* Medium Button.png */ = {isa = PBXFileReference; lastKnownFileType = image.png; path = "Medium Button.png"; sourceTree = "<group>"; };
		0D3C842720B5D5060015785F /* Back Button.png */ = {isa = PBXFileReference; lastKnownFileType = image.png; path = "Back Button.png"; sourceTree = "<group>"; };
		0D3C844C20B5D6720015785F /* GameplayScene.sks */ = {isa = PBXFileReference; lastKnownFileType = file.sks; path = GameplayScene.sks; sourceTree = "<group>"; };
		0D3C845020B5DA4A0015785F /* GameplayScene.swift */ = {isa = PBXFileReference; lastKnownFileType = sourcecode.swift; path = GameplayScene.swift; sourceTree = "<group>"; };
		0D3C845220B5DD440015785F /* Player.swift */ = {isa = PBXFileReference; lastKnownFileType = sourcecode.swift; path = Player.swift; sourceTree = "<group>"; };
		0D3C845420B5DDF80015785F /* Player.atlas */ = {isa = PBXFileReference; lastKnownFileType = folder.skatlas; path = Player.atlas; sourceTree = "<group>"; };
/* End PBXFileReference section */

/* Begin PBXFrameworksBuildPhase section */
		0D3C83C220B4CA7D0015785F /* Frameworks */ = {
			isa = PBXFrameworksBuildPhase;
			buildActionMask = 2147483647;
			files = (
			);
			runOnlyForDeploymentPostprocessing = 0;
		};
		0D3C83DC20B4CA7E0015785F /* Frameworks */ = {
			isa = PBXFrameworksBuildPhase;
			buildActionMask = 2147483647;
			files = (
			);
			runOnlyForDeploymentPostprocessing = 0;
		};
		0D3C83E720B4CA7E0015785F /* Frameworks */ = {
			isa = PBXFrameworksBuildPhase;
			buildActionMask = 2147483647;
			files = (
			);
			runOnlyForDeploymentPostprocessing = 0;
		};
/* End PBXFrameworksBuildPhase section */

/* Begin PBXGroup section */
		0D3C83BC20B4CA7D0015785F = {
			isa = PBXGroup;
			children = (
				0D3C844E20B5D9DE0015785F /* Game Classes */,
				0D3C844B20B5D6240015785F /* Scenes */,
				0D3C83C720B4CA7E0015785F /* Jack The Giant */,
				0D3C83FC20B5D4470015785F /* Assets */,
				0D3C83E220B4CA7E0015785F /* Jack The GiantTests */,
				0D3C83ED20B4CA7E0015785F /* Jack The GiantUITests */,
				0D3C83C620B4CA7E0015785F /* Products */,
			);
			sourceTree = "<group>";
		};
		0D3C83C620B4CA7E0015785F /* Products */ = {
			isa = PBXGroup;
			children = (
				0D3C83C520B4CA7E0015785F /* Jack The Giant.app */,
				0D3C83DF20B4CA7E0015785F /* Jack The GiantTests.xctest */,
				0D3C83EA20B4CA7E0015785F /* Jack The GiantUITests.xctest */,
			);
			name = Products;
			sourceTree = "<group>";
		};
		0D3C83C720B4CA7E0015785F /* Jack The Giant */ = {
			isa = PBXGroup;
			children = (
				0D3C83C820B4CA7E0015785F /* AppDelegate.swift */,
				0D3C83CA20B4CA7E0015785F /* GameScene.sks */,
				0D3C83CC20B4CA7E0015785F /* Actions.sks */,
				0D3C83CE20B4CA7E0015785F /* GameScene.swift */,
				0D3C83D020B4CA7E0015785F /* GameViewController.swift */,
				0D3C83D220B4CA7E0015785F /* Main.storyboard */,
				0D3C83D520B4CA7E0015785F /* Assets.xcassets */,
				0D3C83D720B4CA7E0015785F /* LaunchScreen.storyboard */,
				0D3C83DA20B4CA7E0015785F /* Info.plist */,
			);
			path = "Jack The Giant";
			sourceTree = "<group>";
		};
		0D3C83E220B4CA7E0015785F /* Jack The GiantTests */ = {
			isa = PBXGroup;
			children = (
				0D3C83E320B4CA7E0015785F /* Jack_The_GiantTests.swift */,
				0D3C83E520B4CA7E0015785F /* Info.plist */,
			);
			path = "Jack The GiantTests";
			sourceTree = "<group>";
		};
		0D3C83ED20B4CA7E0015785F /* Jack The GiantUITests */ = {
			isa = PBXGroup;
			children = (
				0D3C83EE20B4CA7E0015785F /* Jack_The_GiantUITests.swift */,
				0D3C83F020B4CA7E0015785F /* Info.plist */,
			);
			path = "Jack The GiantUITests";
			sourceTree = "<group>";
		};
		0D3C83FC20B5D4470015785F /* Assets */ = {
			isa = PBXGroup;
			children = (
				0D3C845420B5DDF80015785F /* Player.atlas */,
				0D3C840720B5D5060015785F /* 1 - Pause Panel And Buttons */,
				0D3C840C20B5D5060015785F /* 2 - Collectables */,
				0D3C841120B5D5060015785F /* 4 - Clouds */,
				0D3C840F20B5D5060015785F /* 5 - Fonts */,
				0D3C83FD20B5D5050015785F /* 6 - Music */,
				0D3C840220B5D5050015785F /* 7 - Backgrounds */,
				0D3C841620B5D5060015785F /* 8 - Buttons */,
			);
			path = Assets;
			sourceTree = "<group>";
		};
		0D3C83FD20B5D5050015785F /* 6 - Music */ = {
			isa = PBXGroup;
			children = (
				0D3C83FE20B5D5050015785F /* Coin Sound.wav */,
				0D3C83FF20B5D5050015785F /* Background music.mp3 */,
				0D3C840020B5D5050015785F /* Life Sound.wav */,
				0D3C840120B5D5050015785F /* Click Sound.wav */,
			);
			path = "6 - Music";
			sourceTree = "<group>";
		};
		0D3C840220B5D5050015785F /* 7 - Backgrounds */ = {
			isa = PBXGroup;
			children = (
				0D3C840320B5D5050015785F /* Highscore BG.png */,
				0D3C840420B5D5050015785F /* Menu BG.png */,
				0D3C840520B5D5050015785F /* Game BG.png */,
				0D3C840620B5D5050015785F /* Options BG.png */,
			);
			path = "7 - Backgrounds";
			sourceTree = "<group>";
		};
		0D3C840720B5D5060015785F /* 1 - Pause Panel And Buttons */ = {
			isa = PBXGroup;
			children = (
				0D3C840820B5D5060015785F /* Quit Button 2.png */,
				0D3C840920B5D5060015785F /* Show Score.png */,
				0D3C840A20B5D5060015785F /* Pause Menu.png */,
				0D3C840B20B5D5060015785F /* Resume Button.png */,
			);
			path = "1 - Pause Panel And Buttons";
			sourceTree = "<group>";
		};
		0D3C840C20B5D5060015785F /* 2 - Collectables */ = {
			isa = PBXGroup;
			children = (
				0D3C840D20B5D5060015785F /* Life.png */,
				0D3C840E20B5D5060015785F /* Coin.png */,
			);
			path = "2 - Collectables";
			sourceTree = "<group>";
		};
		0D3C840F20B5D5060015785F /* 5 - Fonts */ = {
			isa = PBXGroup;
			children = (
				0D3C841020B5D5060015785F /* blow.ttf */,
			);
			path = "5 - Fonts";
			sourceTree = "<group>";
		};
		0D3C841120B5D5060015785F /* 4 - Clouds */ = {
			isa = PBXGroup;
			children = (
				0D3C841220B5D5060015785F /* Cloud 2.png */,
				0D3C841320B5D5060015785F /* Cloud 3.png */,
				0D3C841420B5D5060015785F /* Cloud 1.png */,
				0D3C841520B5D5060015785F /* Dark Cloud.png */,
			);
			path = "4 - Clouds";
			sourceTree = "<group>";
		};
		0D3C841620B5D5060015785F /* 8 - Buttons */ = {
			isa = PBXGroup;
			children = (
				0D3C841720B5D5060015785F /* 1 - Gameplay Buttons */,
				0D3C841B20B5D5060015785F /* 3 - Main Menu Buttons */,
				0D3C842220B5D5060015785F /* 2 - Options Buttons */,
			);
			path = "8 - Buttons";
			sourceTree = "<group>";
		};
		0D3C841720B5D5060015785F /* 1 - Gameplay Buttons */ = {
			isa = PBXGroup;
			children = (
				0D3C841820B5D5060015785F /* Ready.png */,
				0D3C841920B5D5060015785F /* Score.png */,
				0D3C841A20B5D5060015785F /* Pause Button.png */,
			);
			path = "1 - Gameplay Buttons";
			sourceTree = "<group>";
		};
		0D3C841B20B5D5060015785F /* 3 - Main Menu Buttons */ = {
			isa = PBXGroup;
			children = (
				0D3C841C20B5D5060015785F /* Music On Button.png */,
				0D3C841D20B5D5060015785F /* Music Off Button.png */,
				0D3C841E20B5D5060015785F /* Options Button.png */,
				0D3C841F20B5D5060015785F /* Start Game Button.png */,
				0D3C842020B5D5060015785F /* Quit Button.png */,
				0D3C842120B5D5060015785F /* Highscore Button.png */,
			);
			path = "3 - Main Menu Buttons";
			sourceTree = "<group>";
		};
		0D3C842220B5D5060015785F /* 2 - Options Buttons */ = {
			isa = PBXGroup;
			children = (
				0D3C842320B5D5060015785F /* Check Sign.png */,
				0D3C842420B5D5060015785F /* Easy Button.png */,
				0D3C842520B5D5060015785F /* Hard Button.png */,
				0D3C842620B5D5060015785F /* Medium Button.png */,
				0D3C842720B5D5060015785F /* Back Button.png */,
			);
			path = "2 - Options Buttons";
			sourceTree = "<group>";
		};
		0D3C844B20B5D6240015785F /* Scenes */ = {
			isa = PBXGroup;
			children = (
				0D3C844C20B5D6720015785F /* GameplayScene.sks */,
			);
			path = Scenes;
			sourceTree = "<group>";
		};
		0D3C844E20B5D9DE0015785F /* Game Classes */ = {
			isa = PBXGroup;
			children = (
				0D3C845220B5DD440015785F /* Player.swift */,
				0D3C844F20B5D9EA0015785F /* Scene Classes */,
			);
			path = "Game Classes";
			sourceTree = "<group>";
		};
		0D3C844F20B5D9EA0015785F /* Scene Classes */ = {
			isa = PBXGroup;
			children = (
				0D3C845020B5DA4A0015785F /* GameplayScene.swift */,
			);
			path = "Scene Classes";
			sourceTree = "<group>";
		};
/* End PBXGroup section */

/* Begin PBXNativeTarget section */
		0D3C83C420B4CA7D0015785F /* Jack The Giant */ = {
			isa = PBXNativeTarget;
			buildConfigurationList = 0D3C83F320B4CA7E0015785F /* Build configuration list for PBXNativeTarget "Jack The Giant" */;
			buildPhases = (
				0D3C83C120B4CA7D0015785F /* Sources */,
				0D3C83C220B4CA7D0015785F /* Frameworks */,
				0D3C83C320B4CA7D0015785F /* Resources */,
			);
			buildRules = (
			);
			dependencies = (
			);
			name = "Jack The Giant";
			productName = "Jack The Giant";
			productReference = 0D3C83C520B4CA7E0015785F /* Jack The Giant.app */;
			productType = "com.apple.product-type.application";
		};
		0D3C83DE20B4CA7E0015785F /* Jack The GiantTests */ = {
			isa = PBXNativeTarget;
			buildConfigurationList = 0D3C83F620B4CA7E0015785F /* Build configuration list for PBXNativeTarget "Jack The GiantTests" */;
			buildPhases = (
				0D3C83DB20B4CA7E0015785F /* Sources */,
				0D3C83DC20B4CA7E0015785F /* Frameworks */,
				0D3C83DD20B4CA7E0015785F /* Resources */,
			);
			buildRules = (
			);
			dependencies = (
				0D3C83E120B4CA7E0015785F /* PBXTargetDependency */,
			);
			name = "Jack The GiantTests";
			productName = "Jack The GiantTests";
			productReference = 0D3C83DF20B4CA7E0015785F /* Jack The GiantTests.xctest */;
			productType = "com.apple.product-type.bundle.unit-test";
		};
		0D3C83E920B4CA7E0015785F /* Jack The GiantUITests */ = {
			isa = PBXNativeTarget;
			buildConfigurationList = 0D3C83F920B4CA7E0015785F /* Build configuration list for PBXNativeTarget "Jack The GiantUITests" */;
			buildPhases = (
				0D3C83E620B4CA7E0015785F /* Sources */,
				0D3C83E720B4CA7E0015785F /* Frameworks */,
				0D3C83E820B4CA7E0015785F /* Resources */,
			);
			buildRules = (
			);
			dependencies = (
				0D3C83EC20B4CA7E0015785F /* PBXTargetDependency */,
			);
			name = "Jack The GiantUITests";
			productName = "Jack The GiantUITests";
			productReference = 0D3C83EA20B4CA7E0015785F /* Jack The GiantUITests.xctest */;
			productType = "com.apple.product-type.bundle.ui-testing";
		};
/* End PBXNativeTarget section */

/* Begin PBXProject section */
		0D3C83BD20B4CA7D0015785F /* Project object */ = {
			isa = PBXProject;
			attributes = {
				LastSwiftUpdateCheck = 0920;
				LastUpgradeCheck = 0920;
				ORGANIZATIONNAME = "Jawaun Brown";
				TargetAttributes = {
					0D3C83C420B4CA7D0015785F = {
						CreatedOnToolsVersion = 9.2;
						ProvisioningStyle = Automatic;
					};
					0D3C83DE20B4CA7E0015785F = {
						CreatedOnToolsVersion = 9.2;
						ProvisioningStyle = Automatic;
						TestTargetID = 0D3C83C420B4CA7D0015785F;
					};
					0D3C83E920B4CA7E0015785F = {
						CreatedOnToolsVersion = 9.2;
						ProvisioningStyle = Automatic;
						TestTargetID = 0D3C83C420B4CA7D0015785F;
					};
				};
			};
			buildConfigurationList = 0D3C83C020B4CA7D0015785F /* Build configuration list for PBXProject "Jack The Giant" */;
			compatibilityVersion = "Xcode 8.0";
			developmentRegion = en;
			hasScannedForEncodings = 0;
			knownRegions = (
				en,
				Base,
			);
			mainGroup = 0D3C83BC20B4CA7D0015785F;
			productRefGroup = 0D3C83C620B4CA7E0015785F /* Products */;
			projectDirPath = "";
			projectRoot = "";
			targets = (
				0D3C83C420B4CA7D0015785F /* Jack The Giant */,
				0D3C83DE20B4CA7E0015785F /* Jack The GiantTests */,
				0D3C83E920B4CA7E0015785F /* Jack The GiantUITests */,
			);
		};
/* End PBXProject section */

/* Begin PBXResourcesBuildPhase section */
		0D3C83C320B4CA7D0015785F /* Resources */ = {
			isa = PBXResourcesBuildPhase;
			buildActionMask = 2147483647;
			files = (
				0D3C844420B5D5060015785F /* Check Sign.png in Resources */,
				0D3C843E20B5D5060015785F /* Music On Button.png in Resources */,
				0D3C844520B5D5060015785F /* Easy Button.png in Resources */,
				0D3C844220B5D5060015785F /* Quit Button.png in Resources */,
				0D3C843620B5D5060015785F /* blow.ttf in Resources */,
				0D3C843720B5D5060015785F /* Cloud 2.png in Resources */,
				0D3C842820B5D5060015785F /* Coin Sound.wav in Resources */,
				0D3C843B20B5D5060015785F /* Ready.png in Resources */,
				0D3C843020B5D5060015785F /* Quit Button 2.png in Resources */,
				0D3C83D420B4CA7E0015785F /* Main.storyboard in Resources */,
				0D3C843120B5D5060015785F /* Show Score.png in Resources */,
				0D3C844820B5D5060015785F /* Back Button.png in Resources */,
				0D3C845520B5DDF80015785F /* Player.atlas in Resources */,
				0D3C843820B5D5060015785F /* Cloud 3.png in Resources */,
				0D3C843220B5D5060015785F /* Pause Menu.png in Resources */,
				0D3C842F20B5D5060015785F /* Options BG.png in Resources */,
				0D3C83CB20B4CA7E0015785F /* GameScene.sks in Resources */,
				0D3C843A20B5D5060015785F /* Dark Cloud.png in Resources */,
				0D3C842A20B5D5060015785F /* Life Sound.wav in Resources */,
				0D3C83D620B4CA7E0015785F /* Assets.xcassets in Resources */,
				0D3C843420B5D5060015785F /* Life.png in Resources */,
				0D3C844120B5D5060015785F /* Start Game Button.png in Resources */,
				0D3C843520B5D5060015785F /* Coin.png in Resources */,
				0D3C844D20B5D6720015785F /* GameplayScene.sks in Resources */,
				0D3C83D920B4CA7E0015785F /* LaunchScreen.storyboard in Resources */,
				0D3C842C20B5D5060015785F /* Highscore BG.png in Resources */,
				0D3C83CD20B4CA7E0015785F /* Actions.sks in Resources */,
				0D3C842920B5D5060015785F /* Background music.mp3 in Resources */,
				0D3C842E20B5D5060015785F /* Game BG.png in Resources */,
				0D3C842D20B5D5060015785F /* Menu BG.png in Resources */,
				0D3C843C20B5D5060015785F /* Score.png in Resources */,
				0D3C843F20B5D5060015785F /* Music Off Button.png in Resources */,
				0D3C844620B5D5060015785F /* Hard Button.png in Resources */,
				0D3C844020B5D5060015785F /* Options Button.png in Resources */,
				0D3C843920B5D5060015785F /* Cloud 1.png in Resources */,
				0D3C843320B5D5060015785F /* Resume Button.png in Resources */,
				0D3C843D20B5D5060015785F /* Pause Button.png in Resources */,
				0D3C844720B5D5060015785F /* Medium Button.png in Resources */,
				0D3C844320B5D5060015785F /* Highscore Button.png in Resources */,
				0D3C842B20B5D5060015785F /* Click Sound.wav in Resources */,
			);
			runOnlyForDeploymentPostprocessing = 0;
		};
		0D3C83DD20B4CA7E0015785F /* Resources */ = {
			isa = PBXResourcesBuildPhase;
			buildActionMask = 2147483647;
			files = (
			);
			runOnlyForDeploymentPostprocessing = 0;
		};
		0D3C83E820B4CA7E0015785F /* Resources */ = {
			isa = PBXResourcesBuildPhase;
			buildActionMask = 2147483647;
			files = (
			);
			runOnlyForDeploymentPostprocessing = 0;
		};
/* End PBXResourcesBuildPhase section */

/* Begin PBXSourcesBuildPhase section */
		0D3C83C120B4CA7D0015785F /* Sources */ = {
			isa = PBXSourcesBuildPhase;
			buildActionMask = 2147483647;
			files = (
				0D3C845120B5DA4A0015785F /* GameplayScene.swift in Sources */,
				0D3C83CF20B4CA7E0015785F /* GameScene.swift in Sources */,
				0D3C83D120B4CA7E0015785F /* GameViewController.swift in Sources */,
				0D3C845320B5DD440015785F /* Player.swift in Sources */,
				0D3C83C920B4CA7E0015785F /* AppDelegate.swift in Sources */,
			);
			runOnlyForDeploymentPostprocessing = 0;
		};
		0D3C83DB20B4CA7E0015785F /* Sources */ = {
			isa = PBXSourcesBuildPhase;
			buildActionMask = 2147483647;
			files = (
				0D3C83E420B4CA7E0015785F /* Jack_The_GiantTests.swift in Sources */,
			);
			runOnlyForDeploymentPostprocessing = 0;
		};
		0D3C83E620B4CA7E0015785F /* Sources */ = {
			isa = PBXSourcesBuildPhase;
			buildActionMask = 2147483647;
			files = (
				0D3C83EF20B4CA7E0015785F /* Jack_The_GiantUITests.swift in Sources */,
			);
			runOnlyForDeploymentPostprocessing = 0;
		};
/* End PBXSourcesBuildPhase section */

/* Begin PBXTargetDependency section */
		0D3C83E120B4CA7E0015785F /* PBXTargetDependency */ = {
			isa = PBXTargetDependency;
			target = 0D3C83C420B4CA7D0015785F /* Jack The Giant */;
			targetProxy = 0D3C83E020B4CA7E0015785F /* PBXContainerItemProxy */;
		};
		0D3C83EC20B4CA7E0015785F /* PBXTargetDependency */ = {
			isa = PBXTargetDependency;
			target = 0D3C83C420B4CA7D0015785F /* Jack The Giant */;
			targetProxy = 0D3C83EB20B4CA7E0015785F /* PBXContainerItemProxy */;
		};
/* End PBXTargetDependency section */

/* Begin PBXVariantGroup section */
		0D3C83D220B4CA7E0015785F /* Main.storyboard */ = {
			isa = PBXVariantGroup;
			children = (
				0D3C83D320B4CA7E0015785F /* Base */,
			);
			name = Main.storyboard;
			sourceTree = "<group>";
		};
		0D3C83D720B4CA7E0015785F /* LaunchScreen.storyboard */ = {
			isa = PBXVariantGroup;
			children = (
				0D3C83D820B4CA7E0015785F /* Base */,
			);
			name = LaunchScreen.storyboard;
			sourceTree = "<group>";
		};
/* End PBXVariantGroup section */

/* Begin XCBuildConfiguration section */
		0D3C83F120B4CA7E0015785F /* Debug */ = {
			isa = XCBuildConfiguration;
			buildSettings = {
				ALWAYS_SEARCH_USER_PATHS = NO;
				CLANG_ANALYZER_NONNULL = YES;
				CLANG_ANALYZER_NUMBER_OBJECT_CONVERSION = YES_AGGRESSIVE;
				CLANG_CXX_LANGUAGE_STANDARD = "gnu++14";
				CLANG_CXX_LIBRARY = "libc++";
				CLANG_ENABLE_MODULES = YES;
				CLANG_ENABLE_OBJC_ARC = YES;
				CLANG_WARN_BLOCK_CAPTURE_AUTORELEASING = YES;
				CLANG_WARN_BOOL_CONVERSION = YES;
				CLANG_WARN_COMMA = YES;
				CLANG_WARN_CONSTANT_CONVERSION = YES;
				CLANG_WARN_DIRECT_OBJC_ISA_USAGE = YES_ERROR;
				CLANG_WARN_DOCUMENTATION_COMMENTS = YES;
				CLANG_WARN_EMPTY_BODY = YES;
				CLANG_WARN_ENUM_CONVERSION = YES;
				CLANG_WARN_INFINITE_RECURSION = YES;
				CLANG_WARN_INT_CONVERSION = YES;
				CLANG_WARN_NON_LITERAL_NULL_CONVERSION = YES;
				CLANG_WARN_OBJC_LITERAL_CONVERSION = YES;
				CLANG_WARN_OBJC_ROOT_CLASS = YES_ERROR;
				CLANG_WARN_RANGE_LOOP_ANALYSIS = YES;
				CLANG_WARN_STRICT_PROTOTYPES = YES;
				CLANG_WARN_SUSPICIOUS_MOVE = YES;
				CLANG_WARN_UNGUARDED_AVAILABILITY = YES_AGGRESSIVE;
				CLANG_WARN_UNREACHABLE_CODE = YES;
				CLANG_WARN__DUPLICATE_METHOD_MATCH = YES;
				CODE_SIGN_IDENTITY = "iPhone Developer";
				COPY_PHASE_STRIP = NO;
				DEBUG_INFORMATION_FORMAT = dwarf;
				ENABLE_STRICT_OBJC_MSGSEND = YES;
				ENABLE_TESTABILITY = YES;
				GCC_C_LANGUAGE_STANDARD = gnu11;
				GCC_DYNAMIC_NO_PIC = NO;
				GCC_NO_COMMON_BLOCKS = YES;
				GCC_OPTIMIZATION_LEVEL = 0;
				GCC_PREPROCESSOR_DEFINITIONS = (
					"DEBUG=1",
					"$(inherited)",
				);
				GCC_WARN_64_TO_32_BIT_CONVERSION = YES;
				GCC_WARN_ABOUT_RETURN_TYPE = YES_ERROR;
				GCC_WARN_UNDECLARED_SELECTOR = YES;
				GCC_WARN_UNINITIALIZED_AUTOS = YES_AGGRESSIVE;
				GCC_WARN_UNUSED_FUNCTION = YES;
				GCC_WARN_UNUSED_VARIABLE = YES;
				IPHONEOS_DEPLOYMENT_TARGET = 11.2;
				MTL_ENABLE_DEBUG_INFO = YES;
				ONLY_ACTIVE_ARCH = YES;
				SDKROOT = iphoneos;
				SWIFT_ACTIVE_COMPILATION_CONDITIONS = DEBUG;
				SWIFT_OPTIMIZATION_LEVEL = "-Onone";
			};
			name = Debug;
		};
		0D3C83F220B4CA7E0015785F /* Release */ = {
			isa = XCBuildConfiguration;
			buildSettings = {
				ALWAYS_SEARCH_USER_PATHS = NO;
				CLANG_ANALYZER_NONNULL = YES;
				CLANG_ANALYZER_NUMBER_OBJECT_CONVERSION = YES_AGGRESSIVE;
				CLANG_CXX_LANGUAGE_STANDARD = "gnu++14";
				CLANG_CXX_LIBRARY = "libc++";
				CLANG_ENABLE_MODULES = YES;
				CLANG_ENABLE_OBJC_ARC = YES;
				CLANG_WARN_BLOCK_CAPTURE_AUTORELEASING = YES;
				CLANG_WARN_BOOL_CONVERSION = YES;
				CLANG_WARN_COMMA = YES;
				CLANG_WARN_CONSTANT_CONVERSION = YES;
				CLANG_WARN_DIRECT_OBJC_ISA_USAGE = YES_ERROR;
				CLANG_WARN_DOCUMENTATION_COMMENTS = YES;
				CLANG_WARN_EMPTY_BODY = YES;
				CLANG_WARN_ENUM_CONVERSION = YES;
				CLANG_WARN_INFINITE_RECURSION = YES;
				CLANG_WARN_INT_CONVERSION = YES;
				CLANG_WARN_NON_LITERAL_NULL_CONVERSION = YES;
				CLANG_WARN_OBJC_LITERAL_CONVERSION = YES;
				CLANG_WARN_OBJC_ROOT_CLASS = YES_ERROR;
				CLANG_WARN_RANGE_LOOP_ANALYSIS = YES;
				CLANG_WARN_STRICT_PROTOTYPES = YES;
				CLANG_WARN_SUSPICIOUS_MOVE = YES;
				CLANG_WARN_UNGUARDED_AVAILABILITY = YES_AGGRESSIVE;
				CLANG_WARN_UNREACHABLE_CODE = YES;
				CLANG_WARN__DUPLICATE_METHOD_MATCH = YES;
				CODE_SIGN_IDENTITY = "iPhone Developer";
				COPY_PHASE_STRIP = NO;
				DEBUG_INFORMATION_FORMAT = "dwarf-with-dsym";
				ENABLE_NS_ASSERTIONS = NO;
				ENABLE_STRICT_OBJC_MSGSEND = YES;
				GCC_C_LANGUAGE_STANDARD = gnu11;
				GCC_NO_COMMON_BLOCKS = YES;
				GCC_WARN_64_TO_32_BIT_CONVERSION = YES;
				GCC_WARN_ABOUT_RETURN_TYPE = YES_ERROR;
				GCC_WARN_UNDECLARED_SELECTOR = YES;
				GCC_WARN_UNINITIALIZED_AUTOS = YES_AGGRESSIVE;
				GCC_WARN_UNUSED_FUNCTION = YES;
				GCC_WARN_UNUSED_VARIABLE = YES;
				IPHONEOS_DEPLOYMENT_TARGET = 11.2;
				MTL_ENABLE_DEBUG_INFO = NO;
				SDKROOT = iphoneos;
				SWIFT_OPTIMIZATION_LEVEL = "-Owholemodule";
				VALIDATE_PRODUCT = YES;
			};
			name = Release;
		};
		0D3C83F420B4CA7E0015785F /* Debug */ = {
			isa = XCBuildConfiguration;
			buildSettings = {
				ASSETCATALOG_COMPILER_APPICON_NAME = AppIcon;
				CODE_SIGN_STYLE = Automatic;
				DEVELOPMENT_TEAM = 58877MPK38;
				INFOPLIST_FILE = "Jack The Giant/Info.plist";
				LD_RUNPATH_SEARCH_PATHS = "$(inherited) @executable_path/Frameworks";
				PRODUCT_BUNDLE_IDENTIFIER = "com.jtbxlabs.Jack-The-Giant";
				PRODUCT_NAME = "$(TARGET_NAME)";
				SWIFT_VERSION = 4.0;
				TARGETED_DEVICE_FAMILY = "1,2";
			};
			name = Debug;
		};
		0D3C83F520B4CA7E0015785F /* Release */ = {
			isa = XCBuildConfiguration;
			buildSettings = {
				ASSETCATALOG_COMPILER_APPICON_NAME = AppIcon;
				CODE_SIGN_STYLE = Automatic;
				DEVELOPMENT_TEAM = 58877MPK38;
				INFOPLIST_FILE = "Jack The Giant/Info.plist";
				LD_RUNPATH_SEARCH_PATHS = "$(inherited) @executable_path/Frameworks";
				PRODUCT_BUNDLE_IDENTIFIER = "com.jtbxlabs.Jack-The-Giant";
				PRODUCT_NAME = "$(TARGET_NAME)";
				SWIFT_VERSION = 4.0;
				TARGETED_DEVICE_FAMILY = "1,2";
			};
			name = Release;
		};
		0D3C83F720B4CA7E0015785F /* Debug */ = {
			isa = XCBuildConfiguration;
			buildSettings = {
				ALWAYS_EMBED_SWIFT_STANDARD_LIBRARIES = YES;
				BUNDLE_LOADER = "$(TEST_HOST)";
				CODE_SIGN_STYLE = Automatic;
				INFOPLIST_FILE = "Jack The GiantTests/Info.plist";
				LD_RUNPATH_SEARCH_PATHS = "$(inherited) @executable_path/Frameworks @loader_path/Frameworks";
				PRODUCT_BUNDLE_IDENTIFIER = "com.jtbxlabs.Jack-The-GiantTests";
				PRODUCT_NAME = "$(TARGET_NAME)";
				SWIFT_VERSION = 4.0;
				TARGETED_DEVICE_FAMILY = "1,2";
				TEST_HOST = "$(BUILT_PRODUCTS_DIR)/Jack The Giant.app/Jack The Giant";
			};
			name = Debug;
		};
		0D3C83F820B4CA7E0015785F /* Release */ = {
			isa = XCBuildConfiguration;
			buildSettings = {
				ALWAYS_EMBED_SWIFT_STANDARD_LIBRARIES = YES;
				BUNDLE_LOADER = "$(TEST_HOST)";
				CODE_SIGN_STYLE = Automatic;
				INFOPLIST_FILE = "Jack The GiantTests/Info.plist";
				LD_RUNPATH_SEARCH_PATHS = "$(inherited) @executable_path/Frameworks @loader_path/Frameworks";
				PRODUCT_BUNDLE_IDENTIFIER = "com.jtbxlabs.Jack-The-GiantTests";
				PRODUCT_NAME = "$(TARGET_NAME)";
				SWIFT_VERSION = 4.0;
				TARGETED_DEVICE_FAMILY = "1,2";
				TEST_HOST = "$(BUILT_PRODUCTS_DIR)/Jack The Giant.app/Jack The Giant";
			};
			name = Release;
		};
		0D3C83FA20B4CA7E0015785F /* Debug */ = {
			isa = XCBuildConfiguration;
			buildSettings = {
				ALWAYS_EMBED_SWIFT_STANDARD_LIBRARIES = YES;
				CODE_SIGN_STYLE = Automatic;
				INFOPLIST_FILE = "Jack The GiantUITests/Info.plist";
				LD_RUNPATH_SEARCH_PATHS = "$(inherited) @executable_path/Frameworks @loader_path/Frameworks";
				PRODUCT_BUNDLE_IDENTIFIER = "com.jtbxlabs.Jack-The-GiantUITests";
				PRODUCT_NAME = "$(TARGET_NAME)";
				SWIFT_VERSION = 4.0;
				TARGETED_DEVICE_FAMILY = "1,2";
				TEST_TARGET_NAME = "Jack The Giant";
			};
			name = Debug;
		};
		0D3C83FB20B4CA7E0015785F /* Release */ = {
			isa = XCBuildConfiguration;
			buildSettings = {
				ALWAYS_EMBED_SWIFT_STANDARD_LIBRARIES = YES;
				CODE_SIGN_STYLE = Automatic;
				INFOPLIST_FILE = "Jack The GiantUITests/Info.plist";
				LD_RUNPATH_SEARCH_PATHS = "$(inherited) @executable_path/Frameworks @loader_path/Frameworks";
				PRODUCT_BUNDLE_IDENTIFIER = "com.jtbxlabs.Jack-The-GiantUITests";
				PRODUCT_NAME = "$(TARGET_NAME)";
				SWIFT_VERSION = 4.0;
				TARGETED_DEVICE_FAMILY = "1,2";
				TEST_TARGET_NAME = "Jack The Giant";
			};
			name = Release;
		};
/* End XCBuildConfiguration section */

/* Begin XCConfigurationList section */
		0D3C83C020B4CA7D0015785F /* Build configuration list for PBXProject "Jack The Giant" */ = {
			isa = XCConfigurationList;
			buildConfigurations = (
				0D3C83F120B4CA7E0015785F /* Debug */,
				0D3C83F220B4CA7E0015785F /* Release */,
			);
			defaultConfigurationIsVisible = 0;
			defaultConfigurationName = Release;
		};
		0D3C83F320B4CA7E0015785F /* Build configuration list for PBXNativeTarget "Jack The Giant" */ = {
			isa = XCConfigurationList;
			buildConfigurations = (
				0D3C83F420B4CA7E0015785F /* Debug */,
				0D3C83F520B4CA7E0015785F /* Release */,
			);
			defaultConfigurationIsVisible = 0;
			defaultConfigurationName = Release;
		};
		0D3C83F620B4CA7E0015785F /* Build configuration list for PBXNativeTarget "Jack The GiantTests" */ = {
			isa = XCConfigurationList;
			buildConfigurations = (
				0D3C83F720B4CA7E0015785F /* Debug */,
				0D3C83F820B4CA7E0015785F /* Release */,
			);
			defaultConfigurationIsVisible = 0;
			defaultConfigurationName = Release;
		};
		0D3C83F920B4CA7E0015785F /* Build configuration list for PBXNativeTarget "Jack The GiantUITests" */ = {
			isa = XCConfigurationList;
			buildConfigurations = (
				0D3C83FA20B4CA7E0015785F /* Debug */,
				0D3C83FB20B4CA7E0015785F /* Release */,
			);
			defaultConfigurationIsVisible = 0;
			defaultConfigurationName = Release;
		};
/* End XCConfigurationList section */
	};
	rootObject = 0D3C83BD20B4CA7D0015785F /* Project object */;
}
